// !$*UTF8*$!
{
	archiveVersion = 1;
	classes = {
	};
	objectVersion = 45;
	objects = {

/* Begin PBXBuildFile section */
		AA747D9F0F9514B9006C5449 /* SBJSON_Prefix.pch in Headers */ = {isa = PBXBuildFile; fileRef = AA747D9E0F9514B9006C5449 /* SBJSON_Prefix.pch */; };
		AACBBE4A0F95108600F1A2B1 /* Foundation.framework in Frameworks */ = {isa = PBXBuildFile; fileRef = AACBBE490F95108600F1A2B1 /* Foundation.framework */; };
		EB99B37012F37F4F0065EE93 /* JSON.h in Headers */ = {isa = PBXBuildFile; fileRef = EB99B36312F37F4F0065EE93 /* JSON.h */; };
		EB99B37112F37F4F0065EE93 /* NSObject+SBJSON.h in Headers */ = {isa = PBXBuildFile; fileRef = EB99B36412F37F4F0065EE93 /* NSObject+SBJSON.h */; };
		EB99B37212F37F4F0065EE93 /* NSObject+SBJSON.m in Sources */ = {isa = PBXBuildFile; fileRef = EB99B36512F37F4F0065EE93 /* NSObject+SBJSON.m */; };
		EB99B37312F37F4F0065EE93 /* NSString+SBJSON.h in Headers */ = {isa = PBXBuildFile; fileRef = EB99B36612F37F4F0065EE93 /* NSString+SBJSON.h */; };
		EB99B37412F37F4F0065EE93 /* NSString+SBJSON.m in Sources */ = {isa = PBXBuildFile; fileRef = EB99B36712F37F4F0065EE93 /* NSString+SBJSON.m */; };
		EB99B37512F37F4F0065EE93 /* SBJSON.h in Headers */ = {isa = PBXBuildFile; fileRef = EB99B36812F37F4F0065EE93 /* SBJSON.h */; };
		EB99B37612F37F4F0065EE93 /* SBJSON.m in Sources */ = {isa = PBXBuildFile; fileRef = EB99B36912F37F4F0065EE93 /* SBJSON.m */; };
		EB99B37712F37F4F0065EE93 /* SBJsonBase.h in Headers */ = {isa = PBXBuildFile; fileRef = EB99B36A12F37F4F0065EE93 /* SBJsonBase.h */; };
		EB99B37812F37F4F0065EE93 /* SBJsonBase.m in Sources */ = {isa = PBXBuildFile; fileRef = EB99B36B12F37F4F0065EE93 /* SBJsonBase.m */; };
		EB99B37912F37F4F0065EE93 /* SBJsonParser.h in Headers */ = {isa = PBXBuildFile; fileRef = EB99B36C12F37F4F0065EE93 /* SBJsonParser.h */; };
		EB99B37A12F37F4F0065EE93 /* SBJsonParser.m in Sources */ = {isa = PBXBuildFile; fileRef = EB99B36D12F37F4F0065EE93 /* SBJsonParser.m */; };
		EB99B37B12F37F4F0065EE93 /* SBJsonWriter.h in Headers */ = {isa = PBXBuildFile; fileRef = EB99B36E12F37F4F0065EE93 /* SBJsonWriter.h */; };
		EB99B37C12F37F4F0065EE93 /* SBJsonWriter.m in Sources */ = {isa = PBXBuildFile; fileRef = EB99B36F12F37F4F0065EE93 /* SBJsonWriter.m */; };
/* End PBXBuildFile section */

/* Begin PBXFileReference section */
		AA747D9E0F9514B9006C5449 /* SBJSON_Prefix.pch */ = {isa = PBXFileReference; fileEncoding = 4; lastKnownFileType = sourcecode.c.h; path = SBJSON_Prefix.pch; sourceTree = SOURCE_ROOT; };
		AACBBE490F95108600F1A2B1 /* Foundation.framework */ = {isa = PBXFileReference; lastKnownFileType = wrapper.framework; name = Foundation.framework; path = System/Library/Frameworks/Foundation.framework; sourceTree = SDKROOT; };
		D2AAC07E0554694100DB518D /* libSBJSON.a */ = {isa = PBXFileReference; explicitFileType = archive.ar; includeInIndex = 0; path = libSBJSON.a; sourceTree = BUILT_PRODUCTS_DIR; };
		EB99B36312F37F4F0065EE93 /* JSON.h */ = {isa = PBXFileReference; fileEncoding = 4; lastKnownFileType = sourcecode.c.h; path = JSON.h; sourceTree = "<group>"; };
		EB99B36412F37F4F0065EE93 /* NSObject+SBJSON.h */ = {isa = PBXFileReference; fileEncoding = 4; lastKnownFileType = sourcecode.c.h; path = "NSObject+SBJSON.h"; sourceTree = "<group>"; };
		EB99B36512F37F4F0065EE93 /* NSObject+SBJSON.m */ = {isa = PBXFileReference; fileEncoding = 4; lastKnownFileType = sourcecode.c.objc; path = "NSObject+SBJSON.m"; sourceTree = "<group>"; };
		EB99B36612F37F4F0065EE93 /* NSString+SBJSON.h */ = {isa = PBXFileReference; fileEncoding = 4; lastKnownFileType = sourcecode.c.h; path = "NSString+SBJSON.h"; sourceTree = "<group>"; };
		EB99B36712F37F4F0065EE93 /* NSString+SBJSON.m */ = {isa = PBXFileReference; fileEncoding = 4; lastKnownFileType = sourcecode.c.objc; path = "NSString+SBJSON.m"; sourceTree = "<group>"; };
		EB99B36812F37F4F0065EE93 /* SBJSON.h */ = {isa = PBXFileReference; fileEncoding = 4; lastKnownFileType = sourcecode.c.h; path = SBJSON.h; sourceTree = "<group>"; };
		EB99B36912F37F4F0065EE93 /* SBJSON.m */ = {isa = PBXFileReference; fileEncoding = 4; lastKnownFileType = sourcecode.c.objc; path = SBJSON.m; sourceTree = "<group>"; };
		EB99B36A12F37F4F0065EE93 /* SBJsonBase.h */ = {isa = PBXFileReference; fileEncoding = 4; lastKnownFileType = sourcecode.c.h; path = SBJsonBase.h; sourceTree = "<group>"; };
		EB99B36B12F37F4F0065EE93 /* SBJsonBase.m */ = {isa = PBXFileReference; fileEncoding = 4; lastKnownFileType = sourcecode.c.objc; path = SBJsonBase.m; sourceTree = "<group>"; };
		EB99B36C12F37F4F0065EE93 /* SBJsonParser.h */ = {isa = PBXFileReference; fileEncoding = 4; lastKnownFileType = sourcecode.c.h; path = SBJsonParser.h; sourceTree = "<group>"; };
		EB99B36D12F37F4F0065EE93 /* SBJsonParser.m */ = {isa = PBXFileReference; fileEncoding = 4; lastKnownFileType = sourcecode.c.objc; path = SBJsonParser.m; sourceTree = "<group>"; };
		EB99B36E12F37F4F0065EE93 /* SBJsonWriter.h */ = {isa = PBXFileReference; fileEncoding = 4; lastKnownFileType = sourcecode.c.h; path = SBJsonWriter.h; sourceTree = "<group>"; };
		EB99B36F12F37F4F0065EE93 /* SBJsonWriter.m */ = {isa = PBXFileReference; fileEncoding = 4; lastKnownFileType = sourcecode.c.objc; path = SBJsonWriter.m; sourceTree = "<group>"; };
/* End PBXFileReference section */

/* Begin PBXFrameworksBuildPhase section */
		D2AAC07C0554694100DB518D /* Frameworks */ = {
			isa = PBXFrameworksBuildPhase;
			buildActionMask = 2147483647;
			files = (
				AACBBE4A0F95108600F1A2B1 /* Foundation.framework in Frameworks */,
			);
			runOnlyForDeploymentPostprocessing = 0;
		};
/* End PBXFrameworksBuildPhase section */

/* Begin PBXGroup section */
		034768DFFF38A50411DB9C8B /* Products */ = {
			isa = PBXGroup;
			children = (
				D2AAC07E0554694100DB518D /* libSBJSON.a */,
			);
			name = Products;
			sourceTree = "<group>";
		};
		0867D691FE84028FC02AAC07 /* SBJSON */ = {
			isa = PBXGroup;
			children = (
				08FB77AEFE84172EC02AAC07 /* Classes */,
				32C88DFF0371C24200C91783 /* Other Sources */,
				0867D69AFE84028FC02AAC07 /* Frameworks */,
				034768DFFF38A50411DB9C8B /* Products */,
			);
			name = SBJSON;
			sourceTree = "<group>";
		};
		0867D69AFE84028FC02AAC07 /* Frameworks */ = {
			isa = PBXGroup;
			children = (
				AACBBE490F95108600F1A2B1 /* Foundation.framework */,
			);
			name = Frameworks;
			sourceTree = "<group>";
		};
		08FB77AEFE84172EC02AAC07 /* Classes */ = {
			isa = PBXGroup;
			children = (
				EB99B36312F37F4F0065EE93 /* JSON.h */,
				EB99B36412F37F4F0065EE93 /* NSObject+SBJSON.h */,
				EB99B36512F37F4F0065EE93 /* NSObject+SBJSON.m */,
				EB99B36612F37F4F0065EE93 /* NSString+SBJSON.h */,
				EB99B36712F37F4F0065EE93 /* NSString+SBJSON.m */,
				EB99B36812F37F4F0065EE93 /* SBJSON.h */,
				EB99B36912F37F4F0065EE93 /* SBJSON.m */,
				EB99B36A12F37F4F0065EE93 /* SBJsonBase.h */,
				EB99B36B12F37F4F0065EE93 /* SBJsonBase.m */,
				EB99B36C12F37F4F0065EE93 /* SBJsonParser.h */,
				EB99B36D12F37F4F0065EE93 /* SBJsonParser.m */,
				EB99B36E12F37F4F0065EE93 /* SBJsonWriter.h */,
				EB99B36F12F37F4F0065EE93 /* SBJsonWriter.m */,
			);
			name = Classes;
			sourceTree = "<group>";
		};
		32C88DFF0371C24200C91783 /* Other Sources */ = {
			isa = PBXGroup;
			children = (
				AA747D9E0F9514B9006C5449 /* SBJSON_Prefix.pch */,
			);
			name = "Other Sources";
			sourceTree = "<group>";
		};
/* End PBXGroup section */

/* Begin PBXHeadersBuildPhase section */
		D2AAC07A0554694100DB518D /* Headers */ = {
			isa = PBXHeadersBuildPhase;
			buildActionMask = 2147483647;
			files = (
				AA747D9F0F9514B9006C5449 /* SBJSON_Prefix.pch in Headers */,
				EB99B37012F37F4F0065EE93 /* JSON.h in Headers */,
				EB99B37112F37F4F0065EE93 /* NSObject+SBJSON.h in Headers */,
				EB99B37312F37F4F0065EE93 /* NSString+SBJSON.h in Headers */,
				EB99B37512F37F4F0065EE93 /* SBJSON.h in Headers */,
				EB99B37712F37F4F0065EE93 /* SBJsonBase.h in Headers */,
				EB99B37912F37F4F0065EE93 /* SBJsonParser.h in Headers */,
				EB99B37B12F37F4F0065EE93 /* SBJsonWriter.h in Headers */,
			);
			runOnlyForDeploymentPostprocessing = 0;
		};
/* End PBXHeadersBuildPhase section */

/* Begin PBXNativeTarget section */
		D2AAC07D0554694100DB518D /* SBJSON */ = {
			isa = PBXNativeTarget;
			buildConfigurationList = 1DEB921E08733DC00010E9CD /* Build configuration list for PBXNativeTarget "SBJSON" */;
			buildPhases = (
				D2AAC07A0554694100DB518D /* Headers */,
				D2AAC07B0554694100DB518D /* Sources */,
				D2AAC07C0554694100DB518D /* Frameworks */,
			);
			buildRules = (
			);
			dependencies = (
			);
			name = SBJSON;
			productName = SBJSON;
			productReference = D2AAC07E0554694100DB518D /* libSBJSON.a */;
			productType = "com.apple.product-type.library.static";
		};
/* End PBXNativeTarget section */

/* Begin PBXProject section */
		0867D690FE84028FC02AAC07 /* Project object */ = {
			isa = PBXProject;
			buildConfigurationList = 1DEB922208733DC00010E9CD /* Build configuration list for PBXProject "SBJSON" */;
			compatibilityVersion = "Xcode 3.1";
			developmentRegion = English;
			hasScannedForEncodings = 1;
			knownRegions = (
				English,
				Japanese,
				French,
				German,
			);
			mainGroup = 0867D691FE84028FC02AAC07 /* SBJSON */;
			productRefGroup = 034768DFFF38A50411DB9C8B /* Products */;
			projectDirPath = "";
			projectRoot = "";
			targets = (
				D2AAC07D0554694100DB518D /* SBJSON */,
			);
		};
/* End PBXProject section */

/* Begin PBXSourcesBuildPhase section */
		D2AAC07B0554694100DB518D /* Sources */ = {
			isa = PBXSourcesBuildPhase;
			buildActionMask = 2147483647;
			files = (
				EB99B37212F37F4F0065EE93 /* NSObject+SBJSON.m in Sources */,
				EB99B37412F37F4F0065EE93 /* NSString+SBJSON.m in Sources */,
				EB99B37612F37F4F0065EE93 /* SBJSON.m in Sources */,
				EB99B37812F37F4F0065EE93 /* SBJsonBase.m in Sources */,
				EB99B37A12F37F4F0065EE93 /* SBJsonParser.m in Sources */,
				EB99B37C12F37F4F0065EE93 /* SBJsonWriter.m in Sources */,
			);
			runOnlyForDeploymentPostprocessing = 0;
		};
/* End PBXSourcesBuildPhase section */

/* Begin XCBuildConfiguration section */
		1DEB921F08733DC00010E9CD /* Debug */ = {
			isa = XCBuildConfiguration;
			buildSettings = {
				ALWAYS_SEARCH_USER_PATHS = NO;
				ARCHS = "$(ARCHS_STANDARD_32_BIT)";
				COPY_PHASE_STRIP = NO;
				DSTROOT = /tmp/SBJSON.dst;
				GCC_DYNAMIC_NO_PIC = NO;
				GCC_ENABLE_FIX_AND_CONTINUE = YES;
				GCC_MODEL_TUNING = G5;
				GCC_OPTIMIZATION_LEVEL = 0;
				GCC_PRECOMPILE_PREFIX_HEADER = YES;
				GCC_PREFIX_HEADER = SBJSON_Prefix.pch;
				INSTALL_PATH = /usr/local/lib;
				PRODUCT_NAME = SBJSON;
			};
			name = Debug;
		};
		1DEB922008733DC00010E9CD /* Release */ = {
			isa = XCBuildConfiguration;
			buildSettings = {
				ALWAYS_SEARCH_USER_PATHS = NO;
				ARCHS = "$(ARCHS_STANDARD_32_BIT)";
				DSTROOT = /tmp/SBJSON.dst;
				GCC_MODEL_TUNING = G5;
				GCC_PRECOMPILE_PREFIX_HEADER = YES;
				GCC_PREFIX_HEADER = SBJSON_Prefix.pch;
				INSTALL_PATH = /usr/local/lib;
				PRODUCT_NAME = SBJSON;
			};
			name = Release;
		};
		1DEB922308733DC00010E9CD /* Debug */ = {
			isa = XCBuildConfiguration;
			buildSettings = {
				ARCHS = "$(ARCHS_STANDARD_32_BIT)";
				GCC_C_LANGUAGE_STANDARD = c99;
				GCC_OPTIMIZATION_LEVEL = 0;
				GCC_WARN_ABOUT_RETURN_TYPE = YES;
				GCC_WARN_UNUSED_VARIABLE = YES;
				OTHER_LDFLAGS = "-ObjC";
				PREBINDING = NO;
				SDKROOT = iphoneos;
			};
			name = Debug;
		};
		1DEB922408733DC00010E9CD /* Release */ = {
			isa = XCBuildConfiguration;
			buildSettings = {
				ARCHS = "$(ARCHS_STANDARD_32_BIT)";
				GCC_C_LANGUAGE_STANDARD = c99;
				GCC_WARN_ABOUT_RETURN_TYPE = YES;
				GCC_WARN_UNUSED_VARIABLE = YES;
				OTHER_LDFLAGS = "-ObjC";
				PREBINDING = NO;
				SDKROOT = iphoneos;
			};
			name = Release;
		};
/* End XCBuildConfiguration section */

/* Begin XCConfigurationList section */
		1DEB921E08733DC00010E9CD /* Build configuration list for PBXNativeTarget "SBJSON" */ = {
			isa = XCConfigurationList;
			buildConfigurations = (
				1DEB921F08733DC00010E9CD /* Debug */,
				1DEB922008733DC00010E9CD /* Release */,
			);
			defaultConfigurationIsVisible = 0;
			defaultConfigurationName = Release;
		};
		1DEB922208733DC00010E9CD /* Build configuration list for PBXProject "SBJSON" */ = {
			isa = XCConfigurationList;
			buildConfigurations = (
				1DEB922308733DC00010E9CD /* Debug */,
				1DEB922408733DC00010E9CD /* Release */,
			);
			defaultConfigurationIsVisible = 0;
			defaultConfigurationName = Release;
		};
/* End XCConfigurationList section */
	};
	rootObject = 0867D690FE84028FC02AAC07 /* Project object */;
}
