// !$*UTF8*$!
{
	archiveVersion = 1;
	classes = {
	};
	objectVersion = 44;
	objects = {

/* Begin PBXBuildFile section */
		EB0453CC13A1A008002FD9A6 /* static_library.xcconfig in Resources */ = {isa = PBXBuildFile; fileRef = EB0453CB13A1A008002FD9A6 /* static_library.xcconfig */; };
		EB1391B612F26F6A004DBB7C /* Foundation.framework in Frameworks */ = {isa = PBXBuildFile; fileRef = EB1391B512F26F6A004DBB7C /* Foundation.framework */; };
		EB1391B912F26F75004DBB7C /* Security.framework in Frameworks */ = {isa = PBXBuildFile; fileRef = EB1391B812F26F75004DBB7C /* Security.framework */; };
		EB1391C512F26FC9004DBB7C /* OASignatureProviding.h in Headers */ = {isa = PBXBuildFile; fileRef = FC98DD570CD15F0400453F6C /* OASignatureProviding.h */; settings = {ATTRIBUTES = (Public, ); }; };
		EB1391C612F26FD5004DBB7C /* NSString+URLEncoding.h in Headers */ = {isa = PBXBuildFile; fileRef = FCAAF35E0CC9E73200C52F82 /* NSString+URLEncoding.h */; settings = {ATTRIBUTES = (Public, ); }; };
		EB1391C712F26FD5004DBB7C /* NSMutableURLRequest+Parameters.h in Headers */ = {isa = PBXBuildFile; fileRef = FCAAF3CA0CCA69D600C52F82 /* NSMutableURLRequest+Parameters.h */; settings = {ATTRIBUTES = (Public, ); }; };
		EB1391C812F26FD5004DBB7C /* NSURL+Base.h in Headers */ = {isa = PBXBuildFile; fileRef = FC98DF550CD19A7C00453F6C /* NSURL+Base.h */; settings = {ATTRIBUTES = (Public, ); }; };
		EB1391C912F27010004DBB7C /* OADataFetcherTest.h in Headers */ = {isa = PBXBuildFile; fileRef = FCF317ED0CE181A30023F60C /* OADataFetcherTest.h */; };
		EB1391CA12F2703E004DBB7C /* OAuthConsumer.h in Headers */ = {isa = PBXBuildFile; fileRef = FC53ABB20CD99348001B1B99 /* OAuthConsumer.h */; settings = {ATTRIBUTES = (Public, ); }; };
		EB1391CB12F2703E004DBB7C /* OAToken.h in Headers */ = {isa = PBXBuildFile; fileRef = FCAAF07E0CC95E6A00C52F82 /* OAToken.h */; settings = {ATTRIBUTES = (Public, ); }; };
		EB1391CC12F2703E004DBB7C /* OAConsumer.h in Headers */ = {isa = PBXBuildFile; fileRef = FCAAF2120CC9846D00C52F82 /* OAConsumer.h */; settings = {ATTRIBUTES = (Public, ); }; };
		EB1391CD12F2703E004DBB7C /* OAMutableURLRequest.h in Headers */ = {isa = PBXBuildFile; fileRef = FCAAF3C50CC9F5B500C52F82 /* OAMutableURLRequest.h */; settings = {ATTRIBUTES = (Public, ); }; };
		EB1391CE12F2703E004DBB7C /* OAHMAC_SHA1SignatureProvider.h in Headers */ = {isa = PBXBuildFile; fileRef = FCAAF3590CC9E32E00C52F82 /* OAHMAC_SHA1SignatureProvider.h */; settings = {ATTRIBUTES = (Public, ); }; };
		EB1391CF12F2703E004DBB7C /* OAPlaintextSignatureProvider.h in Headers */ = {isa = PBXBuildFile; fileRef = FC98DE010CD1659000453F6C /* OAPlaintextSignatureProvider.h */; settings = {ATTRIBUTES = (Public, ); }; };
		EB1391D012F2703E004DBB7C /* OARequestParameter.h in Headers */ = {isa = PBXBuildFile; fileRef = FCAAF3BB0CC9F06C00C52F82 /* OARequestParameter.h */; settings = {ATTRIBUTES = (Public, ); }; };
		EB1391D112F2703E004DBB7C /* OAServiceTicket.h in Headers */ = {isa = PBXBuildFile; fileRef = FCB87CA70CDFF1A000C75049 /* OAServiceTicket.h */; settings = {ATTRIBUTES = (Public, ); }; };
		EB1391D212F2703E004DBB7C /* OADataFetcher.h in Headers */ = {isa = PBXBuildFile; fileRef = FCB87CB00CDFF40A00C75049 /* OADataFetcher.h */; settings = {ATTRIBUTES = (Public, ); }; };
		EB1391D312F2703E004DBB7C /* OAAsynchronousDataFetcher.h in Headers */ = {isa = PBXBuildFile; fileRef = 2DFA860F0EFCF7B200F849D3 /* OAAsynchronousDataFetcher.h */; settings = {ATTRIBUTES = (Public, ); }; };
		EB1391D412F2703E004DBB7C /* OAToken_KeychainExtensions.h in Headers */ = {isa = PBXBuildFile; fileRef = 4571A8900DAC51A900E2A30E /* OAToken_KeychainExtensions.h */; settings = {ATTRIBUTES = (Public, ); }; };
		EB1391D512F27093004DBB7C /* Base64Transcoder.h in Headers */ = {isa = PBXBuildFile; fileRef = 4571A8850DAC519C00E2A30E /* Base64Transcoder.h */; };
		EB1391D712F270BF004DBB7C /* InfoPlist.strings in Resources */ = {isa = PBXBuildFile; fileRef = 089C1666FE841158C02AAC07 /* InfoPlist.strings */; };
		EB1391D912F270EA004DBB7C /* OAToken.m in Sources */ = {isa = PBXBuildFile; fileRef = FCAAF07F0CC95E6A00C52F82 /* OAToken.m */; };
		EB1391DA12F270EA004DBB7C /* OAConsumer.m in Sources */ = {isa = PBXBuildFile; fileRef = FCAAF2130CC9846D00C52F82 /* OAConsumer.m */; };
		EB1391DB12F270EA004DBB7C /* OAMutableURLRequest.m in Sources */ = {isa = PBXBuildFile; fileRef = FCAAF3C60CC9F5B500C52F82 /* OAMutableURLRequest.m */; };
		EB1391DC12F270EA004DBB7C /* OAHMAC_SHA1SignatureProvider.m in Sources */ = {isa = PBXBuildFile; fileRef = FCAAF35A0CC9E32E00C52F82 /* OAHMAC_SHA1SignatureProvider.m */; };
		EB1391DD12F270EA004DBB7C /* OAPlaintextSignatureProvider.m in Sources */ = {isa = PBXBuildFile; fileRef = FC98DE020CD1659000453F6C /* OAPlaintextSignatureProvider.m */; };
		EB1391DE12F270EA004DBB7C /* OARequestParameter.m in Sources */ = {isa = PBXBuildFile; fileRef = FCAAF3BC0CC9F06C00C52F82 /* OARequestParameter.m */; };
		EB1391DF12F270EA004DBB7C /* OAServiceTicket.m in Sources */ = {isa = PBXBuildFile; fileRef = FCB87CA80CDFF1A000C75049 /* OAServiceTicket.m */; };
		EB1391E012F270EA004DBB7C /* OADataFetcher.m in Sources */ = {isa = PBXBuildFile; fileRef = FCB87CB10CDFF40A00C75049 /* OADataFetcher.m */; };
		EB1391E112F270EA004DBB7C /* OAAsynchronousDataFetcher.m in Sources */ = {isa = PBXBuildFile; fileRef = 2DFA86100EFCF7B200F849D3 /* OAAsynchronousDataFetcher.m */; };
		EB1391E212F270EA004DBB7C /* OAToken_KeychainExtensions.m in Sources */ = {isa = PBXBuildFile; fileRef = 4571A8910DAC51A900E2A30E /* OAToken_KeychainExtensions.m */; };
		EB1391E312F270F7004DBB7C /* NSString+URLEncoding.m in Sources */ = {isa = PBXBuildFile; fileRef = FCAAF35F0CC9E73200C52F82 /* NSString+URLEncoding.m */; };
		EB1391E412F270F7004DBB7C /* NSMutableURLRequest+Parameters.m in Sources */ = {isa = PBXBuildFile; fileRef = FCAAF3CB0CCA69D600C52F82 /* NSMutableURLRequest+Parameters.m */; };
		EB1391E512F270F7004DBB7C /* NSURL+Base.m in Sources */ = {isa = PBXBuildFile; fileRef = FC98DF560CD19A7C00453F6C /* NSURL+Base.m */; };
		EB1391E612F27105004DBB7C /* Base64Transcoder.c in Sources */ = {isa = PBXBuildFile; fileRef = 4571A8840DAC519C00E2A30E /* Base64Transcoder.c */; };
/* End PBXBuildFile section */

/* Begin PBXContainerItemProxy section */
		EBAA85FA12F7288900B743C3 /* PBXContainerItemProxy */ = {
			isa = PBXContainerItemProxy;
			containerPortal = EBAA85F612F7288900B743C3 /* SFHFKeychainUtils.xcodeproj */;
			proxyType = 2;
			remoteGlobalIDString = D2AAC07E0554694100DB518D;
			remoteInfo = SFHFKeychainUtils;
		};
/* End PBXContainerItemProxy section */

/* Begin PBXFileReference section */
		089C1667FE841158C02AAC07 /* English */ = {isa = PBXFileReference; fileEncoding = 10; lastKnownFileType = text.plist.strings; name = English; path = English.lproj/InfoPlist.strings; sourceTree = "<group>"; };
		2DFA860F0EFCF7B200F849D3 /* OAAsynchronousDataFetcher.h */ = {isa = PBXFileReference; fileEncoding = 4; lastKnownFileType = sourcecode.c.h; path = OAAsynchronousDataFetcher.h; sourceTree = "<group>"; };
		2DFA86100EFCF7B200F849D3 /* OAAsynchronousDataFetcher.m */ = {isa = PBXFileReference; fileEncoding = 4; lastKnownFileType = sourcecode.c.objc; path = OAAsynchronousDataFetcher.m; sourceTree = "<group>"; };
		32DBCF5E0370ADEE00C91783 /* OAuthConsumer_Prefix.pch */ = {isa = PBXFileReference; fileEncoding = 4; lastKnownFileType = sourcecode.c.h; path = OAuthConsumer_Prefix.pch; sourceTree = "<group>"; };
		4571A8840DAC519C00E2A30E /* Base64Transcoder.c */ = {isa = PBXFileReference; fileEncoding = 4; lastKnownFileType = sourcecode.c.c; path = Base64Transcoder.c; sourceTree = "<group>"; };
		4571A8850DAC519C00E2A30E /* Base64Transcoder.h */ = {isa = PBXFileReference; fileEncoding = 4; lastKnownFileType = sourcecode.c.h; path = Base64Transcoder.h; sourceTree = "<group>"; };
		4571A8900DAC51A900E2A30E /* OAToken_KeychainExtensions.h */ = {isa = PBXFileReference; fileEncoding = 4; lastKnownFileType = sourcecode.c.h; name = OAToken_KeychainExtensions.h; path = ../OAToken_KeychainExtensions.h; sourceTree = "<group>"; };
		4571A8910DAC51A900E2A30E /* OAToken_KeychainExtensions.m */ = {isa = PBXFileReference; fileEncoding = 4; lastKnownFileType = sourcecode.c.objc; name = OAToken_KeychainExtensions.m; path = ../OAToken_KeychainExtensions.m; sourceTree = "<group>"; };
		8DC2EF5A0486A6940098B216 /* Info.plist */ = {isa = PBXFileReference; fileEncoding = 4; lastKnownFileType = text.plist.xml; path = Info.plist; sourceTree = "<group>"; };
		EB0453CB13A1A008002FD9A6 /* static_library.xcconfig */ = {isa = PBXFileReference; fileEncoding = 4; lastKnownFileType = text.xcconfig; name = static_library.xcconfig; path = ../../xcconfig/static_library.xcconfig; sourceTree = "<group>"; };
		EB1391B212F26F48004DBB7C /* libOAuth.a */ = {isa = PBXFileReference; explicitFileType = archive.ar; includeInIndex = 0; path = libOAuth.a; sourceTree = BUILT_PRODUCTS_DIR; };
		EB1391B512F26F6A004DBB7C /* Foundation.framework */ = {isa = PBXFileReference; lastKnownFileType = wrapper.framework; name = Foundation.framework; path = ../../../../../../System/Library/Frameworks/Foundation.framework; sourceTree = "<group>"; };
		EB1391B812F26F75004DBB7C /* Security.framework */ = {isa = PBXFileReference; lastKnownFileType = wrapper.framework; name = Security.framework; path = System/Library/Frameworks/Security.framework; sourceTree = SDKROOT; };
		EBAA85F612F7288900B743C3 /* SFHFKeychainUtils.xcodeproj */ = {isa = PBXFileReference; lastKnownFileType = "wrapper.pb-project"; name = SFHFKeychainUtils.xcodeproj; path = ../SFHFKeychainUtils/SFHFKeychainUtils.xcodeproj; sourceTree = SOURCE_ROOT; };
		FC53ABB20CD99348001B1B99 /* OAuthConsumer.h */ = {isa = PBXFileReference; fileEncoding = 4; lastKnownFileType = sourcecode.c.h; path = OAuthConsumer.h; sourceTree = "<group>"; };
		FC6C126A0CD9AF6600A85842 /* OATestServer.rb */ = {isa = PBXFileReference; fileEncoding = 4; lastKnownFileType = text.script.ruby; path = OATestServer.rb; sourceTree = "<group>"; };
		FC95DF320CCDBFE700B870E6 /* OAMutableURLRequestTest.h */ = {isa = PBXFileReference; fileEncoding = 4; lastKnownFileType = sourcecode.c.h; path = OAMutableURLRequestTest.h; sourceTree = "<group>"; };
		FC95DF330CCDBFE700B870E6 /* OAMutableURLRequestTest.m */ = {isa = PBXFileReference; fileEncoding = 4; lastKnownFileType = sourcecode.c.objc; path = OAMutableURLRequestTest.m; sourceTree = "<group>"; };
		FC95DF350CCDBFF900B870E6 /* OAHMAC_SHA1SignatureProviderTest.h */ = {isa = PBXFileReference; fileEncoding = 4; lastKnownFileType = sourcecode.c.h; path = OAHMAC_SHA1SignatureProviderTest.h; sourceTree = "<group>"; };
		FC95DF360CCDBFF900B870E6 /* OAHMAC_SHA1SignatureProviderTest.m */ = {isa = PBXFileReference; fileEncoding = 4; lastKnownFileType = sourcecode.c.objc; path = OAHMAC_SHA1SignatureProviderTest.m; sourceTree = "<group>"; };
		FC98DD570CD15F0400453F6C /* OASignatureProviding.h */ = {isa = PBXFileReference; fileEncoding = 4; lastKnownFileType = sourcecode.c.h; path = OASignatureProviding.h; sourceTree = "<group>"; };
		FC98DE010CD1659000453F6C /* OAPlaintextSignatureProvider.h */ = {isa = PBXFileReference; fileEncoding = 4; lastKnownFileType = sourcecode.c.h; path = OAPlaintextSignatureProvider.h; sourceTree = "<group>"; };
		FC98DE020CD1659000453F6C /* OAPlaintextSignatureProvider.m */ = {isa = PBXFileReference; fileEncoding = 4; lastKnownFileType = sourcecode.c.objc; path = OAPlaintextSignatureProvider.m; sourceTree = "<group>"; };
		FC98DE520CD1697300453F6C /* OAPlaintextSignatureProviderTest.h */ = {isa = PBXFileReference; fileEncoding = 4; lastKnownFileType = sourcecode.c.h; path = OAPlaintextSignatureProviderTest.h; sourceTree = "<group>"; };
		FC98DE530CD1697300453F6C /* OAPlaintextSignatureProviderTest.m */ = {isa = PBXFileReference; fileEncoding = 4; lastKnownFileType = sourcecode.c.objc; path = OAPlaintextSignatureProviderTest.m; sourceTree = "<group>"; };
		FC98DF550CD19A7C00453F6C /* NSURL+Base.h */ = {isa = PBXFileReference; fileEncoding = 4; lastKnownFileType = sourcecode.c.h; path = "NSURL+Base.h"; sourceTree = "<group>"; };
		FC98DF560CD19A7C00453F6C /* NSURL+Base.m */ = {isa = PBXFileReference; fileEncoding = 4; lastKnownFileType = sourcecode.c.objc; path = "NSURL+Base.m"; sourceTree = "<group>"; };
		FC98DF5A0CD19B4400453F6C /* NSURL+BaseTest.h */ = {isa = PBXFileReference; fileEncoding = 4; lastKnownFileType = sourcecode.c.h; path = "NSURL+BaseTest.h"; sourceTree = "<group>"; };
		FC98DF5B0CD19B4400453F6C /* NSURL+BaseTest.m */ = {isa = PBXFileReference; fileEncoding = 4; lastKnownFileType = sourcecode.c.objc; path = "NSURL+BaseTest.m"; sourceTree = "<group>"; };
		FCAAF0760CC95C5E00C52F82 /* OAuthConsumerTestSuite-Info.plist */ = {isa = PBXFileReference; lastKnownFileType = text.plist.xml; name = "OAuthConsumerTestSuite-Info.plist"; path = "OAuthConsumer/OAuthConsumerTestSuite-Info.plist"; sourceTree = "<group>"; };
		FCAAF07E0CC95E6A00C52F82 /* OAToken.h */ = {isa = PBXFileReference; fileEncoding = 4; lastKnownFileType = sourcecode.c.h; path = OAToken.h; sourceTree = "<group>"; };
		FCAAF07F0CC95E6A00C52F82 /* OAToken.m */ = {isa = PBXFileReference; fileEncoding = 4; lastKnownFileType = sourcecode.c.objc; path = OAToken.m; sourceTree = "<group>"; };
		FCAAF08D0CC9646E00C52F82 /* OATokenTest.h */ = {isa = PBXFileReference; fileEncoding = 4; lastKnownFileType = sourcecode.c.h; path = OATokenTest.h; sourceTree = "<group>"; };
		FCAAF08E0CC9646E00C52F82 /* OATokenTest.m */ = {isa = PBXFileReference; fileEncoding = 4; lastKnownFileType = sourcecode.c.objc; path = OATokenTest.m; sourceTree = "<group>"; };
		FCAAF2120CC9846D00C52F82 /* OAConsumer.h */ = {isa = PBXFileReference; fileEncoding = 4; lastKnownFileType = sourcecode.c.h; path = OAConsumer.h; sourceTree = "<group>"; };
		FCAAF2130CC9846D00C52F82 /* OAConsumer.m */ = {isa = PBXFileReference; fileEncoding = 4; lastKnownFileType = sourcecode.c.objc; path = OAConsumer.m; sourceTree = "<group>"; };
		FCAAF2330CC985DA00C52F82 /* OAConsumerTest.h */ = {isa = PBXFileReference; fileEncoding = 4; lastKnownFileType = sourcecode.c.h; path = OAConsumerTest.h; sourceTree = "<group>"; };
		FCAAF2340CC985DA00C52F82 /* OAConsumerTest.m */ = {isa = PBXFileReference; fileEncoding = 4; lastKnownFileType = sourcecode.c.objc; path = OAConsumerTest.m; sourceTree = "<group>"; };
		FCAAF3590CC9E32E00C52F82 /* OAHMAC_SHA1SignatureProvider.h */ = {isa = PBXFileReference; fileEncoding = 4; lastKnownFileType = sourcecode.c.h; path = OAHMAC_SHA1SignatureProvider.h; sourceTree = "<group>"; };
		FCAAF35A0CC9E32E00C52F82 /* OAHMAC_SHA1SignatureProvider.m */ = {isa = PBXFileReference; fileEncoding = 4; lastKnownFileType = sourcecode.c.objc; path = OAHMAC_SHA1SignatureProvider.m; sourceTree = "<group>"; };
		FCAAF35E0CC9E73200C52F82 /* NSString+URLEncoding.h */ = {isa = PBXFileReference; fileEncoding = 4; lastKnownFileType = sourcecode.c.h; path = "NSString+URLEncoding.h"; sourceTree = "<group>"; };
		FCAAF35F0CC9E73200C52F82 /* NSString+URLEncoding.m */ = {isa = PBXFileReference; fileEncoding = 4; lastKnownFileType = sourcecode.c.objc; path = "NSString+URLEncoding.m"; sourceTree = "<group>"; };
		FCAAF3630CC9E81C00C52F82 /* NSString+URLEncodingTest.h */ = {isa = PBXFileReference; fileEncoding = 4; lastKnownFileType = sourcecode.c.h; path = "NSString+URLEncodingTest.h"; sourceTree = "<group>"; };
		FCAAF3640CC9E81C00C52F82 /* NSString+URLEncodingTest.m */ = {isa = PBXFileReference; fileEncoding = 4; lastKnownFileType = sourcecode.c.objc; path = "NSString+URLEncodingTest.m"; sourceTree = "<group>"; };
		FCAAF3BB0CC9F06C00C52F82 /* OARequestParameter.h */ = {isa = PBXFileReference; fileEncoding = 4; lastKnownFileType = sourcecode.c.h; path = OARequestParameter.h; sourceTree = "<group>"; };
		FCAAF3BC0CC9F06C00C52F82 /* OARequestParameter.m */ = {isa = PBXFileReference; fileEncoding = 4; lastKnownFileType = sourcecode.c.objc; path = OARequestParameter.m; sourceTree = "<group>"; };
		FCAAF3BE0CC9F1D400C52F82 /* OARequestParameterTest.h */ = {isa = PBXFileReference; fileEncoding = 4; lastKnownFileType = sourcecode.c.h; path = OARequestParameterTest.h; sourceTree = "<group>"; };
		FCAAF3BF0CC9F1D400C52F82 /* OARequestParameterTest.m */ = {isa = PBXFileReference; fileEncoding = 4; lastKnownFileType = sourcecode.c.objc; path = OARequestParameterTest.m; sourceTree = "<group>"; };
		FCAAF3C50CC9F5B500C52F82 /* OAMutableURLRequest.h */ = {isa = PBXFileReference; fileEncoding = 4; lastKnownFileType = sourcecode.c.h; path = OAMutableURLRequest.h; sourceTree = "<group>"; };
		FCAAF3C60CC9F5B500C52F82 /* OAMutableURLRequest.m */ = {isa = PBXFileReference; fileEncoding = 4; lastKnownFileType = sourcecode.c.objc; path = OAMutableURLRequest.m; sourceTree = "<group>"; };
		FCAAF3CA0CCA69D600C52F82 /* NSMutableURLRequest+Parameters.h */ = {isa = PBXFileReference; fileEncoding = 4; lastKnownFileType = sourcecode.c.h; path = "NSMutableURLRequest+Parameters.h"; sourceTree = "<group>"; };
		FCAAF3CB0CCA69D600C52F82 /* NSMutableURLRequest+Parameters.m */ = {isa = PBXFileReference; fileEncoding = 4; lastKnownFileType = sourcecode.c.objc; path = "NSMutableURLRequest+Parameters.m"; sourceTree = "<group>"; };
		FCAAF3D10CCC0C4400C52F82 /* NSMutableURLRequest+ParametersTest.h */ = {isa = PBXFileReference; fileEncoding = 4; lastKnownFileType = sourcecode.c.h; path = "NSMutableURLRequest+ParametersTest.h"; sourceTree = "<group>"; };
		FCAAF3D20CCC0C4400C52F82 /* NSMutableURLRequest+ParametersTest.m */ = {isa = PBXFileReference; fileEncoding = 4; lastKnownFileType = sourcecode.c.objc; path = "NSMutableURLRequest+ParametersTest.m"; sourceTree = "<group>"; };
		FCB87CA70CDFF1A000C75049 /* OAServiceTicket.h */ = {isa = PBXFileReference; fileEncoding = 4; lastKnownFileType = sourcecode.c.h; path = OAServiceTicket.h; sourceTree = "<group>"; };
		FCB87CA80CDFF1A000C75049 /* OAServiceTicket.m */ = {isa = PBXFileReference; fileEncoding = 4; lastKnownFileType = sourcecode.c.objc; path = OAServiceTicket.m; sourceTree = "<group>"; };
		FCB87CB00CDFF40A00C75049 /* OADataFetcher.h */ = {isa = PBXFileReference; fileEncoding = 4; lastKnownFileType = sourcecode.c.h; path = OADataFetcher.h; sourceTree = "<group>"; };
		FCB87CB10CDFF40A00C75049 /* OADataFetcher.m */ = {isa = PBXFileReference; fileEncoding = 4; lastKnownFileType = sourcecode.c.objc; path = OADataFetcher.m; sourceTree = "<group>"; };
		FCF317ED0CE181A30023F60C /* OADataFetcherTest.h */ = {isa = PBXFileReference; fileEncoding = 4; lastKnownFileType = sourcecode.c.h; path = OADataFetcherTest.h; sourceTree = "<group>"; };
		FCF317EE0CE181A30023F60C /* OADataFetcherTest.m */ = {isa = PBXFileReference; fileEncoding = 4; lastKnownFileType = sourcecode.c.objc; path = OADataFetcherTest.m; sourceTree = "<group>"; };
/* End PBXFileReference section */

/* Begin PBXFrameworksBuildPhase section */
		EB1391B012F26F48004DBB7C /* Frameworks */ = {
			isa = PBXFrameworksBuildPhase;
			buildActionMask = 2147483647;
			files = (
				EB1391B612F26F6A004DBB7C /* Foundation.framework in Frameworks */,
				EB1391B912F26F75004DBB7C /* Security.framework in Frameworks */,
			);
			runOnlyForDeploymentPostprocessing = 0;
		};
/* End PBXFrameworksBuildPhase section */

/* Begin PBXGroup section */
		034768DFFF38A50411DB9C8B /* Products */ = {
			isa = PBXGroup;
			children = (
				EB1391B212F26F48004DBB7C /* libOAuth.a */,
			);
			name = Products;
			sourceTree = "<group>";
		};
		0867D691FE84028FC02AAC07 /* OAuthConsumer */ = {
			isa = PBXGroup;
			children = (
				08FB77AEFE84172EC02AAC07 /* OAuthConsumer */,
				FC6C10EA0CD99C5700A85842 /* Protocols */,
				FCAAF0680CC95B3D00C52F82 /* Cocoa Categories */,
				FCAAF07D0CC95E3600C52F82 /* Tests */,
				32C88DFF0371C24200C91783 /* Other Sources */,
				089C1665FE841158C02AAC07 /* Resources */,
				0867D69AFE84028FC02AAC07 /* Frameworks */,
				034768DFFF38A50411DB9C8B /* Products */,
				FCAAF0760CC95C5E00C52F82 /* OAuthConsumerTestSuite-Info.plist */,
				EB0453CB13A1A008002FD9A6 /* static_library.xcconfig */,
			);
			name = OAuthConsumer;
			sourceTree = "<group>";
		};
		0867D69AFE84028FC02AAC07 /* Frameworks */ = {
			isa = PBXGroup;
			children = (
				EB1391B512F26F6A004DBB7C /* Foundation.framework */,
				EB1391B812F26F75004DBB7C /* Security.framework */,
			);
			name = Frameworks;
			sourceTree = "<group>";
		};
		089C1665FE841158C02AAC07 /* Resources */ = {
			isa = PBXGroup;
			children = (
				8DC2EF5A0486A6940098B216 /* Info.plist */,
				089C1666FE841158C02AAC07 /* InfoPlist.strings */,
			);
			name = Resources;
			path = OAuthConsumer;
			sourceTree = "<group>";
		};
		08FB77AEFE84172EC02AAC07 /* OAuthConsumer */ = {
			isa = PBXGroup;
			children = (
				FC53ABB20CD99348001B1B99 /* OAuthConsumer.h */,
				FCAAF07E0CC95E6A00C52F82 /* OAToken.h */,
				FCAAF07F0CC95E6A00C52F82 /* OAToken.m */,
				FCAAF2120CC9846D00C52F82 /* OAConsumer.h */,
				FCAAF2130CC9846D00C52F82 /* OAConsumer.m */,
				FCAAF3C50CC9F5B500C52F82 /* OAMutableURLRequest.h */,
				FCAAF3C60CC9F5B500C52F82 /* OAMutableURLRequest.m */,
				FCAAF3590CC9E32E00C52F82 /* OAHMAC_SHA1SignatureProvider.h */,
				FCAAF35A0CC9E32E00C52F82 /* OAHMAC_SHA1SignatureProvider.m */,
				FC98DE010CD1659000453F6C /* OAPlaintextSignatureProvider.h */,
				FC98DE020CD1659000453F6C /* OAPlaintextSignatureProvider.m */,
				FCAAF3BB0CC9F06C00C52F82 /* OARequestParameter.h */,
				FCAAF3BC0CC9F06C00C52F82 /* OARequestParameter.m */,
				FCB87CA70CDFF1A000C75049 /* OAServiceTicket.h */,
				FCB87CA80CDFF1A000C75049 /* OAServiceTicket.m */,
				FCB87CB00CDFF40A00C75049 /* OADataFetcher.h */,
				FCB87CB10CDFF40A00C75049 /* OADataFetcher.m */,
				2DFA860F0EFCF7B200F849D3 /* OAAsynchronousDataFetcher.h */,
				2DFA86100EFCF7B200F849D3 /* OAAsynchronousDataFetcher.m */,
				4571A8900DAC51A900E2A30E /* OAToken_KeychainExtensions.h */,
				4571A8910DAC51A900E2A30E /* OAToken_KeychainExtensions.m */,
			);
			path = OAuthConsumer;
			sourceTree = "<group>";
		};
		32C88DFF0371C24200C91783 /* Other Sources */ = {
			isa = PBXGroup;
			children = (
				EBAA85F612F7288900B743C3 /* SFHFKeychainUtils.xcodeproj */,
				32DBCF5E0370ADEE00C91783 /* OAuthConsumer_Prefix.pch */,
				4571A8830DAC519C00E2A30E /* Crypto */,
			);
			name = "Other Sources";
			path = OAuthConsumer;
			sourceTree = "<group>";
		};
		4571A8830DAC519C00E2A30E /* Crypto */ = {
			isa = PBXGroup;
			children = (
				4571A8850DAC519C00E2A30E /* Base64Transcoder.h */,
				4571A8840DAC519C00E2A30E /* Base64Transcoder.c */,
			);
			path = Crypto;
			sourceTree = "<group>";
		};
		EBAA85F712F7288900B743C3 /* Products */ = {
			isa = PBXGroup;
			children = (
				EBAA85FB12F7288900B743C3 /* libSFHFKeychainUtils.a */,
			);
			name = Products;
			sourceTree = "<group>";
		};
		FC6C10EA0CD99C5700A85842 /* Protocols */ = {
			isa = PBXGroup;
			children = (
				FC98DD570CD15F0400453F6C /* OASignatureProviding.h */,
			);
			name = Protocols;
			path = OAuthConsumer;
			sourceTree = "<group>";
		};
		FCAAF0680CC95B3D00C52F82 /* Cocoa Categories */ = {
			isa = PBXGroup;
			children = (
				FCAAF35E0CC9E73200C52F82 /* NSString+URLEncoding.h */,
				FCAAF35F0CC9E73200C52F82 /* NSString+URLEncoding.m */,
				FCAAF3CA0CCA69D600C52F82 /* NSMutableURLRequest+Parameters.h */,
				FCAAF3CB0CCA69D600C52F82 /* NSMutableURLRequest+Parameters.m */,
				FC98DF550CD19A7C00453F6C /* NSURL+Base.h */,
				FC98DF560CD19A7C00453F6C /* NSURL+Base.m */,
			);
			name = "Cocoa Categories";
			path = OAuthConsumer;
			sourceTree = "<group>";
		};
		FCAAF07D0CC95E3600C52F82 /* Tests */ = {
			isa = PBXGroup;
			children = (
				FCAAF3BE0CC9F1D400C52F82 /* OARequestParameterTest.h */,
				FCAAF3BF0CC9F1D400C52F82 /* OARequestParameterTest.m */,
				FC95DF350CCDBFF900B870E6 /* OAHMAC_SHA1SignatureProviderTest.h */,
				FC95DF360CCDBFF900B870E6 /* OAHMAC_SHA1SignatureProviderTest.m */,
				FC98DE520CD1697300453F6C /* OAPlaintextSignatureProviderTest.h */,
				FC98DE530CD1697300453F6C /* OAPlaintextSignatureProviderTest.m */,
				FCAAF08D0CC9646E00C52F82 /* OATokenTest.h */,
				FCAAF08E0CC9646E00C52F82 /* OATokenTest.m */,
				FCAAF2330CC985DA00C52F82 /* OAConsumerTest.h */,
				FCAAF2340CC985DA00C52F82 /* OAConsumerTest.m */,
				FC95DF320CCDBFE700B870E6 /* OAMutableURLRequestTest.h */,
				FC95DF330CCDBFE700B870E6 /* OAMutableURLRequestTest.m */,
				FCAAF3630CC9E81C00C52F82 /* NSString+URLEncodingTest.h */,
				FCAAF3640CC9E81C00C52F82 /* NSString+URLEncodingTest.m */,
				FCAAF3D10CCC0C4400C52F82 /* NSMutableURLRequest+ParametersTest.h */,
				FCAAF3D20CCC0C4400C52F82 /* NSMutableURLRequest+ParametersTest.m */,
				FC98DF5A0CD19B4400453F6C /* NSURL+BaseTest.h */,
				FC98DF5B0CD19B4400453F6C /* NSURL+BaseTest.m */,
				FCF317ED0CE181A30023F60C /* OADataFetcherTest.h */,
				FCF317EE0CE181A30023F60C /* OADataFetcherTest.m */,
				FC6C126A0CD9AF6600A85842 /* OATestServer.rb */,
			);
			name = Tests;
			path = OAuthConsumer;
			sourceTree = "<group>";
		};
/* End PBXGroup section */

/* Begin PBXHeadersBuildPhase section */
		EB1391AE12F26F48004DBB7C /* Headers */ = {
			isa = PBXHeadersBuildPhase;
			buildActionMask = 2147483647;
			files = (
				EB1391CA12F2703E004DBB7C /* OAuthConsumer.h in Headers */,
				EB1391CB12F2703E004DBB7C /* OAToken.h in Headers */,
				EB1391CC12F2703E004DBB7C /* OAConsumer.h in Headers */,
				EB1391CD12F2703E004DBB7C /* OAMutableURLRequest.h in Headers */,
				EB1391C612F26FD5004DBB7C /* NSString+URLEncoding.h in Headers */,
				EB1391C712F26FD5004DBB7C /* NSMutableURLRequest+Parameters.h in Headers */,
				EB1391C812F26FD5004DBB7C /* NSURL+Base.h in Headers */,
				EB1391C512F26FC9004DBB7C /* OASignatureProviding.h in Headers */,
				EB1391CE12F2703E004DBB7C /* OAHMAC_SHA1SignatureProvider.h in Headers */,
				EB1391CF12F2703E004DBB7C /* OAPlaintextSignatureProvider.h in Headers */,
				EB1391D012F2703E004DBB7C /* OARequestParameter.h in Headers */,
				EB1391D112F2703E004DBB7C /* OAServiceTicket.h in Headers */,
				EB1391D212F2703E004DBB7C /* OADataFetcher.h in Headers */,
				EB1391C912F27010004DBB7C /* OADataFetcherTest.h in Headers */,
				EB1391D312F2703E004DBB7C /* OAAsynchronousDataFetcher.h in Headers */,
				EB1391D412F2703E004DBB7C /* OAToken_KeychainExtensions.h in Headers */,
				EB1391D512F27093004DBB7C /* Base64Transcoder.h in Headers */,
			);
			runOnlyForDeploymentPostprocessing = 0;
		};
/* End PBXHeadersBuildPhase section */

/* Begin PBXNativeTarget section */
		EB1391B112F26F48004DBB7C /* OAuthConsumer */ = {
			isa = PBXNativeTarget;
			buildConfigurationList = EB1391B712F26F6B004DBB7C /* Build configuration list for PBXNativeTarget "OAuthConsumer" */;
			buildPhases = (
				EB1391AE12F26F48004DBB7C /* Headers */,
				EB1391D812F270DD004DBB7C /* Resources */,
				EB1391AF12F26F48004DBB7C /* Sources */,
				EB1391B012F26F48004DBB7C /* Frameworks */,
			);
			buildRules = (
			);
			dependencies = (
			);
			name = OAuthConsumer;
			productName = OAuth;
			productReference = EB1391B212F26F48004DBB7C /* libOAuth.a */;
			productType = "com.apple.product-type.library.static";
		};
/* End PBXNativeTarget section */

/* Begin PBXProject section */
		0867D690FE84028FC02AAC07 /* Project object */ = {
			isa = PBXProject;
			buildConfigurationList = 1DEB91B108733DA50010E9CD /* Build configuration list for PBXProject "OAuthConsumer" */;
			compatibilityVersion = "Xcode 3.0";
			developmentRegion = English;
			hasScannedForEncodings = 1;
			knownRegions = (
				English,
				Japanese,
				French,
				German,
			);
			mainGroup = 0867D691FE84028FC02AAC07 /* OAuthConsumer */;
			productRefGroup = 034768DFFF38A50411DB9C8B /* Products */;
			projectDirPath = "";
			projectReferences = (
				{
					ProductGroup = EBAA85F712F7288900B743C3 /* Products */;
					ProjectRef = EBAA85F612F7288900B743C3 /* SFHFKeychainUtils.xcodeproj */;
				},
			);
			projectRoot = "";
			targets = (
				EB1391B112F26F48004DBB7C /* OAuthConsumer */,
			);
		};
/* End PBXProject section */

/* Begin PBXReferenceProxy section */
		EBAA85FB12F7288900B743C3 /* libSFHFKeychainUtils.a */ = {
			isa = PBXReferenceProxy;
			fileType = archive.ar;
			path = libSFHFKeychainUtils.a;
			remoteRef = EBAA85FA12F7288900B743C3 /* PBXContainerItemProxy */;
			sourceTree = BUILT_PRODUCTS_DIR;
		};
/* End PBXReferenceProxy section */

/* Begin PBXResourcesBuildPhase section */
		EB1391D812F270DD004DBB7C /* Resources */ = {
			isa = PBXResourcesBuildPhase;
			buildActionMask = 2147483647;
			files = (
				EB1391D712F270BF004DBB7C /* InfoPlist.strings in Resources */,
				EB0453CC13A1A008002FD9A6 /* static_library.xcconfig in Resources */,
			);
			runOnlyForDeploymentPostprocessing = 0;
		};
/* End PBXResourcesBuildPhase section */

/* Begin PBXSourcesBuildPhase section */
		EB1391AF12F26F48004DBB7C /* Sources */ = {
			isa = PBXSourcesBuildPhase;
			buildActionMask = 2147483647;
			files = (
				EB1391D912F270EA004DBB7C /* OAToken.m in Sources */,
				EB1391DA12F270EA004DBB7C /* OAConsumer.m in Sources */,
				EB1391DB12F270EA004DBB7C /* OAMutableURLRequest.m in Sources */,
				EB1391DC12F270EA004DBB7C /* OAHMAC_SHA1SignatureProvider.m in Sources */,
				EB1391DD12F270EA004DBB7C /* OAPlaintextSignatureProvider.m in Sources */,
				EB1391DE12F270EA004DBB7C /* OARequestParameter.m in Sources */,
				EB1391DF12F270EA004DBB7C /* OAServiceTicket.m in Sources */,
				EB1391E012F270EA004DBB7C /* OADataFetcher.m in Sources */,
				EB1391E112F270EA004DBB7C /* OAAsynchronousDataFetcher.m in Sources */,
				EB1391E212F270EA004DBB7C /* OAToken_KeychainExtensions.m in Sources */,
				EB1391E312F270F7004DBB7C /* NSString+URLEncoding.m in Sources */,
				EB1391E412F270F7004DBB7C /* NSMutableURLRequest+Parameters.m in Sources */,
				EB1391E512F270F7004DBB7C /* NSURL+Base.m in Sources */,
				EB1391E612F27105004DBB7C /* Base64Transcoder.c in Sources */,
			);
			runOnlyForDeploymentPostprocessing = 0;
		};
/* End PBXSourcesBuildPhase section */

/* Begin PBXVariantGroup section */
		089C1666FE841158C02AAC07 /* InfoPlist.strings */ = {
			isa = PBXVariantGroup;
			children = (
				089C1667FE841158C02AAC07 /* English */,
			);
			name = InfoPlist.strings;
			sourceTree = "<group>";
		};
/* End PBXVariantGroup section */

/* Begin XCBuildConfiguration section */
		1DEB91B208733DA50010E9CD /* Debug */ = {
			isa = XCBuildConfiguration;
			baseConfigurationReference = EB0453CB13A1A008002FD9A6 /* static_library.xcconfig */;
			buildSettings = {
			};
			name = Debug;
		};
		1DEB91B308733DA50010E9CD /* Release */ = {
			isa = XCBuildConfiguration;
			baseConfigurationReference = EB0453CB13A1A008002FD9A6 /* static_library.xcconfig */;
			buildSettings = {
			};
			name = Release;
		};
		EB1391B312F26F48004DBB7C /* Debug */ = {
			isa = XCBuildConfiguration;
			buildSettings = {
				ARCHS = "$(ARCHS_STANDARD_32_BIT_PRE_XCODE_3_1)";
				ARCHS_STANDARD_32_BIT_PRE_XCODE_3_1 = "ppc i386";
				PRODUCT_NAME = OAuth;
				SDKROOT = iphoneos;
			};
			name = Debug;
		};
		EB1391B412F26F48004DBB7C /* Release */ = {
			isa = XCBuildConfiguration;
			buildSettings = {
				ARCHS = "$(ARCHS_STANDARD_32_BIT_PRE_XCODE_3_1)";
				ARCHS_STANDARD_32_BIT_PRE_XCODE_3_1 = "ppc i386";
				DEBUG_INFORMATION_FORMAT = "dwarf-with-dsym";
				GCC_ENABLE_FIX_AND_CONTINUE = NO;
				PRODUCT_NAME = OAuth;
				SDKROOT = iphoneos;
				ZERO_LINK = NO;
			};
			name = Release;
		};
/* End XCBuildConfiguration section */

/* Begin XCConfigurationList section */
		1DEB91B108733DA50010E9CD /* Build configuration list for PBXProject "OAuthConsumer" */ = {
			isa = XCConfigurationList;
			buildConfigurations = (
				1DEB91B208733DA50010E9CD /* Debug */,
				1DEB91B308733DA50010E9CD /* Release */,
			);
			defaultConfigurationIsVisible = 0;
			defaultConfigurationName = Release;
		};
		EB1391B712F26F6B004DBB7C /* Build configuration list for PBXNativeTarget "OAuthConsumer" */ = {
			isa = XCConfigurationList;
			buildConfigurations = (
				EB1391B312F26F48004DBB7C /* Debug */,
				EB1391B412F26F48004DBB7C /* Release */,
			);
			defaultConfigurationIsVisible = 0;
			defaultConfigurationName = Release;
		};
/* End XCConfigurationList section */
	};
	rootObject = 0867D690FE84028FC02AAC07 /* Project object */;
}
