// !$*UTF8*$!
{
	archiveVersion = 1;
	classes = {
	};
	objectVersion = 45;
	objects = {

/* Begin PBXBuildFile section */
		AA747D9F0F9514B9006C5449 /* Twitter_Prefix.pch in Headers */ = {isa = PBXBuildFile; fileRef = AA747D9E0F9514B9006C5449 /* Twitter_Prefix.pch */; };
		AACBBE4A0F95108600F1A2B1 /* Foundation.framework in Frameworks */ = {isa = PBXBuildFile; fileRef = AACBBE490F95108600F1A2B1 /* Foundation.framework */; };
		EB13903912F26C52004DBB7C /* MGTwitterEngine.h in Headers */ = {isa = PBXBuildFile; fileRef = EB138FFB12F26C52004DBB7C /* MGTwitterEngine.h */; settings = {ATTRIBUTES = (Public, ); }; };
		EB13903A12F26C52004DBB7C /* MGTwitterEngine.m in Sources */ = {isa = PBXBuildFile; fileRef = EB138FFC12F26C52004DBB7C /* MGTwitterEngine.m */; };
		EB13903C12F26C52004DBB7C /* MGTwitterEngineDelegate.h in Headers */ = {isa = PBXBuildFile; fileRef = EB13900112F26C52004DBB7C /* MGTwitterEngineDelegate.h */; settings = {ATTRIBUTES = (Public, ); }; };
		EB13903D12F26C52004DBB7C /* MGTwitterEngineGlobalHeader.h in Headers */ = {isa = PBXBuildFile; fileRef = EB13900212F26C52004DBB7C /* MGTwitterEngineGlobalHeader.h */; settings = {ATTRIBUTES = (Public, ); }; };
		EB13903E12F26C52004DBB7C /* MGTwitterHTTPURLConnection.h in Headers */ = {isa = PBXBuildFile; fileRef = EB13900312F26C52004DBB7C /* MGTwitterHTTPURLConnection.h */; };
		EB13903F12F26C52004DBB7C /* MGTwitterHTTPURLConnection.m in Sources */ = {isa = PBXBuildFile; fileRef = EB13900412F26C52004DBB7C /* MGTwitterHTTPURLConnection.m */; };
		EB13904012F26C52004DBB7C /* MGTwitterLibXMLParser.h in Headers */ = {isa = PBXBuildFile; fileRef = EB13900512F26C52004DBB7C /* MGTwitterLibXMLParser.h */; };
		EB13904112F26C52004DBB7C /* MGTwitterLibXMLParser.m in Sources */ = {isa = PBXBuildFile; fileRef = EB13900612F26C52004DBB7C /* MGTwitterLibXMLParser.m */; };
		EB13904212F26C52004DBB7C /* MGTwitterMessagesLibXMLParser.h in Headers */ = {isa = PBXBuildFile; fileRef = EB13900712F26C52004DBB7C /* MGTwitterMessagesLibXMLParser.h */; };
		EB13904312F26C52004DBB7C /* MGTwitterMessagesLibXMLParser.m in Sources */ = {isa = PBXBuildFile; fileRef = EB13900812F26C52004DBB7C /* MGTwitterMessagesLibXMLParser.m */; };
		EB13904412F26C52004DBB7C /* MGTwitterMessagesParser.h in Headers */ = {isa = PBXBuildFile; fileRef = EB13900912F26C52004DBB7C /* MGTwitterMessagesParser.h */; };
		EB13904512F26C52004DBB7C /* MGTwitterMessagesParser.m in Sources */ = {isa = PBXBuildFile; fileRef = EB13900A12F26C52004DBB7C /* MGTwitterMessagesParser.m */; };
		EB13904812F26C52004DBB7C /* MGTwitterMiscLibXMLParser.h in Headers */ = {isa = PBXBuildFile; fileRef = EB13900D12F26C52004DBB7C /* MGTwitterMiscLibXMLParser.h */; };
		EB13904912F26C52004DBB7C /* MGTwitterMiscLibXMLParser.m in Sources */ = {isa = PBXBuildFile; fileRef = EB13900E12F26C52004DBB7C /* MGTwitterMiscLibXMLParser.m */; };
		EB13904A12F26C52004DBB7C /* MGTwitterMiscParser.h in Headers */ = {isa = PBXBuildFile; fileRef = EB13900F12F26C52004DBB7C /* MGTwitterMiscParser.h */; };
		EB13904B12F26C52004DBB7C /* MGTwitterMiscParser.m in Sources */ = {isa = PBXBuildFile; fileRef = EB13901012F26C52004DBB7C /* MGTwitterMiscParser.m */; };
		EB13904E12F26C52004DBB7C /* MGTwitterParserDelegate.h in Headers */ = {isa = PBXBuildFile; fileRef = EB13901312F26C52004DBB7C /* MGTwitterParserDelegate.h */; settings = {ATTRIBUTES = (Public, ); }; };
		EB13904F12F26C52004DBB7C /* MGTwitterRequestTypes.h in Headers */ = {isa = PBXBuildFile; fileRef = EB13901412F26C52004DBB7C /* MGTwitterRequestTypes.h */; settings = {ATTRIBUTES = (Public, ); }; };
		EB13905212F26C52004DBB7C /* MGTwitterSocialGraphLibXMLParser.h in Headers */ = {isa = PBXBuildFile; fileRef = EB13901712F26C52004DBB7C /* MGTwitterSocialGraphLibXMLParser.h */; };
		EB13905312F26C52004DBB7C /* MGTwitterSocialGraphLibXMLParser.m in Sources */ = {isa = PBXBuildFile; fileRef = EB13901812F26C52004DBB7C /* MGTwitterSocialGraphLibXMLParser.m */; };
		EB13905412F26C52004DBB7C /* MGTwitterSocialGraphParser.h in Headers */ = {isa = PBXBuildFile; fileRef = EB13901912F26C52004DBB7C /* MGTwitterSocialGraphParser.h */; };
		EB13905512F26C52004DBB7C /* MGTwitterSocialGraphParser.m in Sources */ = {isa = PBXBuildFile; fileRef = EB13901A12F26C52004DBB7C /* MGTwitterSocialGraphParser.m */; };
		EB13905612F26C52004DBB7C /* MGTwitterStatusesLibXMLParser.h in Headers */ = {isa = PBXBuildFile; fileRef = EB13901B12F26C52004DBB7C /* MGTwitterStatusesLibXMLParser.h */; };
		EB13905712F26C52004DBB7C /* MGTwitterStatusesLibXMLParser.m in Sources */ = {isa = PBXBuildFile; fileRef = EB13901C12F26C52004DBB7C /* MGTwitterStatusesLibXMLParser.m */; };
		EB13905812F26C52004DBB7C /* MGTwitterStatusesParser.h in Headers */ = {isa = PBXBuildFile; fileRef = EB13901D12F26C52004DBB7C /* MGTwitterStatusesParser.h */; };
		EB13905912F26C52004DBB7C /* MGTwitterStatusesParser.m in Sources */ = {isa = PBXBuildFile; fileRef = EB13901E12F26C52004DBB7C /* MGTwitterStatusesParser.m */; };
		EB13905E12F26C52004DBB7C /* MGTwitterUserListsParser.h in Headers */ = {isa = PBXBuildFile; fileRef = EB13902312F26C52004DBB7C /* MGTwitterUserListsParser.h */; };
		EB13905F12F26C52004DBB7C /* MGTwitterUserListsParser.m in Sources */ = {isa = PBXBuildFile; fileRef = EB13902412F26C52004DBB7C /* MGTwitterUserListsParser.m */; };
		EB13906012F26C52004DBB7C /* MGTwitterUsersLibXMLParser.h in Headers */ = {isa = PBXBuildFile; fileRef = EB13902512F26C52004DBB7C /* MGTwitterUsersLibXMLParser.h */; };
		EB13906112F26C52004DBB7C /* MGTwitterUsersLibXMLParser.m in Sources */ = {isa = PBXBuildFile; fileRef = EB13902612F26C52004DBB7C /* MGTwitterUsersLibXMLParser.m */; };
		EB13906212F26C52004DBB7C /* MGTwitterUsersParser.h in Headers */ = {isa = PBXBuildFile; fileRef = EB13902712F26C52004DBB7C /* MGTwitterUsersParser.h */; };
		EB13906312F26C52004DBB7C /* MGTwitterUsersParser.m in Sources */ = {isa = PBXBuildFile; fileRef = EB13902812F26C52004DBB7C /* MGTwitterUsersParser.m */; };
		EB13906612F26C52004DBB7C /* MGTwitterXMLParser.h in Headers */ = {isa = PBXBuildFile; fileRef = EB13902B12F26C52004DBB7C /* MGTwitterXMLParser.h */; };
		EB13906712F26C52004DBB7C /* MGTwitterXMLParser.m in Sources */ = {isa = PBXBuildFile; fileRef = EB13902C12F26C52004DBB7C /* MGTwitterXMLParser.m */; };
		EB13906A12F26C52004DBB7C /* NSData+Base64.h in Headers */ = {isa = PBXBuildFile; fileRef = EB13902F12F26C52004DBB7C /* NSData+Base64.h */; };
		EB13906B12F26C52004DBB7C /* NSData+Base64.m in Sources */ = {isa = PBXBuildFile; fileRef = EB13903012F26C52004DBB7C /* NSData+Base64.m */; };
		EB13906C12F26C52004DBB7C /* NSString+UUID.h in Headers */ = {isa = PBXBuildFile; fileRef = EB13903112F26C52004DBB7C /* NSString+UUID.h */; };
		EB13906D12F26C52004DBB7C /* NSString+UUID.m in Sources */ = {isa = PBXBuildFile; fileRef = EB13903212F26C52004DBB7C /* NSString+UUID.m */; };
		EB83AE6113C7AF58006CCEDB /* libOAuth.a in Frameworks */ = {isa = PBXBuildFile; fileRef = EB83AE6013C7AF58006CCEDB /* libOAuth.a */; };
		EB99B01012F3698D0065EE93 /* libxml2.dylib in Frameworks */ = {isa = PBXBuildFile; fileRef = EB99B00F12F3698D0065EE93 /* libxml2.dylib */; };
/* End PBXBuildFile section */

/* Begin PBXContainerItemProxy section */
		EB99AFF512F368040065EE93 /* PBXContainerItemProxy */ = {
			isa = PBXContainerItemProxy;
			containerPortal = EB99AFD112F367340065EE93 /* OAuthConsumer.xcodeproj */;
			proxyType = 2;
			remoteGlobalIDString = EB1391B212F26F48004DBB7C;
			remoteInfo = OAuthConsumer;
		};
/* End PBXContainerItemProxy section */

/* Begin PBXFileReference section */
		AA747D9E0F9514B9006C5449 /* Twitter_Prefix.pch */ = {isa = PBXFileReference; fileEncoding = 4; lastKnownFileType = sourcecode.c.h; path = Twitter_Prefix.pch; sourceTree = SOURCE_ROOT; };
		AACBBE490F95108600F1A2B1 /* Foundation.framework */ = {isa = PBXFileReference; lastKnownFileType = wrapper.framework; name = Foundation.framework; path = System/Library/Frameworks/Foundation.framework; sourceTree = SDKROOT; };
		D2AAC07E0554694100DB518D /* libTwitter.a */ = {isa = PBXFileReference; explicitFileType = archive.ar; includeInIndex = 0; path = libTwitter.a; sourceTree = BUILT_PRODUCTS_DIR; };
		EB0453CA13A19FA4002FD9A6 /* static_library.xcconfig */ = {isa = PBXFileReference; fileEncoding = 4; lastKnownFileType = text.xcconfig; name = static_library.xcconfig; path = ../../xcconfig/static_library.xcconfig; sourceTree = "<group>"; };
		EB138FFB12F26C52004DBB7C /* MGTwitterEngine.h */ = {isa = PBXFileReference; fileEncoding = 4; lastKnownFileType = sourcecode.c.h; name = MGTwitterEngine.h; path = ../Twitter/MGTwitterEngine.h; sourceTree = "<group>"; };
		EB138FFC12F26C52004DBB7C /* MGTwitterEngine.m */ = {isa = PBXFileReference; fileEncoding = 4; lastKnownFileType = sourcecode.c.objc; name = MGTwitterEngine.m; path = ../Twitter/MGTwitterEngine.m; sourceTree = "<group>"; };
		EB13900112F26C52004DBB7C /* MGTwitterEngineDelegate.h */ = {isa = PBXFileReference; fileEncoding = 4; lastKnownFileType = sourcecode.c.h; path = MGTwitterEngineDelegate.h; sourceTree = "<group>"; };
		EB13900212F26C52004DBB7C /* MGTwitterEngineGlobalHeader.h */ = {isa = PBXFileReference; fileEncoding = 4; lastKnownFileType = sourcecode.c.h; path = MGTwitterEngineGlobalHeader.h; sourceTree = "<group>"; };
		EB13900312F26C52004DBB7C /* MGTwitterHTTPURLConnection.h */ = {isa = PBXFileReference; fileEncoding = 4; lastKnownFileType = sourcecode.c.h; path = MGTwitterHTTPURLConnection.h; sourceTree = "<group>"; };
		EB13900412F26C52004DBB7C /* MGTwitterHTTPURLConnection.m */ = {isa = PBXFileReference; fileEncoding = 4; lastKnownFileType = sourcecode.c.objc; path = MGTwitterHTTPURLConnection.m; sourceTree = "<group>"; };
		EB13900512F26C52004DBB7C /* MGTwitterLibXMLParser.h */ = {isa = PBXFileReference; fileEncoding = 4; lastKnownFileType = sourcecode.c.h; path = MGTwitterLibXMLParser.h; sourceTree = "<group>"; };
		EB13900612F26C52004DBB7C /* MGTwitterLibXMLParser.m */ = {isa = PBXFileReference; fileEncoding = 4; lastKnownFileType = sourcecode.c.objc; path = MGTwitterLibXMLParser.m; sourceTree = "<group>"; };
		EB13900712F26C52004DBB7C /* MGTwitterMessagesLibXMLParser.h */ = {isa = PBXFileReference; fileEncoding = 4; lastKnownFileType = sourcecode.c.h; path = MGTwitterMessagesLibXMLParser.h; sourceTree = "<group>"; };
		EB13900812F26C52004DBB7C /* MGTwitterMessagesLibXMLParser.m */ = {isa = PBXFileReference; fileEncoding = 4; lastKnownFileType = sourcecode.c.objc; path = MGTwitterMessagesLibXMLParser.m; sourceTree = "<group>"; };
		EB13900912F26C52004DBB7C /* MGTwitterMessagesParser.h */ = {isa = PBXFileReference; fileEncoding = 4; lastKnownFileType = sourcecode.c.h; path = MGTwitterMessagesParser.h; sourceTree = "<group>"; };
		EB13900A12F26C52004DBB7C /* MGTwitterMessagesParser.m */ = {isa = PBXFileReference; fileEncoding = 4; lastKnownFileType = sourcecode.c.objc; path = MGTwitterMessagesParser.m; sourceTree = "<group>"; };
		EB13900D12F26C52004DBB7C /* MGTwitterMiscLibXMLParser.h */ = {isa = PBXFileReference; fileEncoding = 4; lastKnownFileType = sourcecode.c.h; path = MGTwitterMiscLibXMLParser.h; sourceTree = "<group>"; };
		EB13900E12F26C52004DBB7C /* MGTwitterMiscLibXMLParser.m */ = {isa = PBXFileReference; fileEncoding = 4; lastKnownFileType = sourcecode.c.objc; path = MGTwitterMiscLibXMLParser.m; sourceTree = "<group>"; };
		EB13900F12F26C52004DBB7C /* MGTwitterMiscParser.h */ = {isa = PBXFileReference; fileEncoding = 4; lastKnownFileType = sourcecode.c.h; path = MGTwitterMiscParser.h; sourceTree = "<group>"; };
		EB13901012F26C52004DBB7C /* MGTwitterMiscParser.m */ = {isa = PBXFileReference; fileEncoding = 4; lastKnownFileType = sourcecode.c.objc; path = MGTwitterMiscParser.m; sourceTree = "<group>"; };
		EB13901312F26C52004DBB7C /* MGTwitterParserDelegate.h */ = {isa = PBXFileReference; fileEncoding = 4; lastKnownFileType = sourcecode.c.h; path = MGTwitterParserDelegate.h; sourceTree = "<group>"; };
		EB13901412F26C52004DBB7C /* MGTwitterRequestTypes.h */ = {isa = PBXFileReference; fileEncoding = 4; lastKnownFileType = sourcecode.c.h; path = MGTwitterRequestTypes.h; sourceTree = "<group>"; };
		EB13901712F26C52004DBB7C /* MGTwitterSocialGraphLibXMLParser.h */ = {isa = PBXFileReference; fileEncoding = 4; lastKnownFileType = sourcecode.c.h; path = MGTwitterSocialGraphLibXMLParser.h; sourceTree = "<group>"; };
		EB13901812F26C52004DBB7C /* MGTwitterSocialGraphLibXMLParser.m */ = {isa = PBXFileReference; fileEncoding = 4; lastKnownFileType = sourcecode.c.objc; path = MGTwitterSocialGraphLibXMLParser.m; sourceTree = "<group>"; };
		EB13901912F26C52004DBB7C /* MGTwitterSocialGraphParser.h */ = {isa = PBXFileReference; fileEncoding = 4; lastKnownFileType = sourcecode.c.h; path = MGTwitterSocialGraphParser.h; sourceTree = "<group>"; };
		EB13901A12F26C52004DBB7C /* MGTwitterSocialGraphParser.m */ = {isa = PBXFileReference; fileEncoding = 4; lastKnownFileType = sourcecode.c.objc; path = MGTwitterSocialGraphParser.m; sourceTree = "<group>"; };
		EB13901B12F26C52004DBB7C /* MGTwitterStatusesLibXMLParser.h */ = {isa = PBXFileReference; fileEncoding = 4; lastKnownFileType = sourcecode.c.h; path = MGTwitterStatusesLibXMLParser.h; sourceTree = "<group>"; };
		EB13901C12F26C52004DBB7C /* MGTwitterStatusesLibXMLParser.m */ = {isa = PBXFileReference; fileEncoding = 4; lastKnownFileType = sourcecode.c.objc; path = MGTwitterStatusesLibXMLParser.m; sourceTree = "<group>"; };
		EB13901D12F26C52004DBB7C /* MGTwitterStatusesParser.h */ = {isa = PBXFileReference; fileEncoding = 4; lastKnownFileType = sourcecode.c.h; path = MGTwitterStatusesParser.h; sourceTree = "<group>"; };
		EB13901E12F26C52004DBB7C /* MGTwitterStatusesParser.m */ = {isa = PBXFileReference; fileEncoding = 4; lastKnownFileType = sourcecode.c.objc; path = MGTwitterStatusesParser.m; sourceTree = "<group>"; };
		EB13902312F26C52004DBB7C /* MGTwitterUserListsParser.h */ = {isa = PBXFileReference; fileEncoding = 4; lastKnownFileType = sourcecode.c.h; path = MGTwitterUserListsParser.h; sourceTree = "<group>"; };
		EB13902412F26C52004DBB7C /* MGTwitterUserListsParser.m */ = {isa = PBXFileReference; fileEncoding = 4; lastKnownFileType = sourcecode.c.objc; path = MGTwitterUserListsParser.m; sourceTree = "<group>"; };
		EB13902512F26C52004DBB7C /* MGTwitterUsersLibXMLParser.h */ = {isa = PBXFileReference; fileEncoding = 4; lastKnownFileType = sourcecode.c.h; path = MGTwitterUsersLibXMLParser.h; sourceTree = "<group>"; };
		EB13902612F26C52004DBB7C /* MGTwitterUsersLibXMLParser.m */ = {isa = PBXFileReference; fileEncoding = 4; lastKnownFileType = sourcecode.c.objc; path = MGTwitterUsersLibXMLParser.m; sourceTree = "<group>"; };
		EB13902712F26C52004DBB7C /* MGTwitterUsersParser.h */ = {isa = PBXFileReference; fileEncoding = 4; lastKnownFileType = sourcecode.c.h; path = MGTwitterUsersParser.h; sourceTree = "<group>"; };
		EB13902812F26C52004DBB7C /* MGTwitterUsersParser.m */ = {isa = PBXFileReference; fileEncoding = 4; lastKnownFileType = sourcecode.c.objc; path = MGTwitterUsersParser.m; sourceTree = "<group>"; };
		EB13902B12F26C52004DBB7C /* MGTwitterXMLParser.h */ = {isa = PBXFileReference; fileEncoding = 4; lastKnownFileType = sourcecode.c.h; name = MGTwitterXMLParser.h; path = ../Twitter/MGTwitterXMLParser.h; sourceTree = "<group>"; };
		EB13902C12F26C52004DBB7C /* MGTwitterXMLParser.m */ = {isa = PBXFileReference; fileEncoding = 4; lastKnownFileType = sourcecode.c.objc; name = MGTwitterXMLParser.m; path = ../Twitter/MGTwitterXMLParser.m; sourceTree = "<group>"; };
		EB13902F12F26C52004DBB7C /* NSData+Base64.h */ = {isa = PBXFileReference; fileEncoding = 4; lastKnownFileType = sourcecode.c.h; path = "NSData+Base64.h"; sourceTree = "<group>"; };
		EB13903012F26C52004DBB7C /* NSData+Base64.m */ = {isa = PBXFileReference; fileEncoding = 4; lastKnownFileType = sourcecode.c.objc; path = "NSData+Base64.m"; sourceTree = "<group>"; };
		EB13903112F26C52004DBB7C /* NSString+UUID.h */ = {isa = PBXFileReference; fileEncoding = 4; lastKnownFileType = sourcecode.c.h; path = "NSString+UUID.h"; sourceTree = "<group>"; };
		EB13903212F26C52004DBB7C /* NSString+UUID.m */ = {isa = PBXFileReference; fileEncoding = 4; lastKnownFileType = sourcecode.c.objc; path = "NSString+UUID.m"; sourceTree = "<group>"; };
		EB83AE6013C7AF58006CCEDB /* libOAuth.a */ = {isa = PBXFileReference; explicitFileType = archive.ar; path = libOAuth.a; sourceTree = SOURCE_ROOT; };
		EB99AFD112F367340065EE93 /* OAuthConsumer.xcodeproj */ = {isa = PBXFileReference; lastKnownFileType = "wrapper.pb-project"; name = OAuthConsumer.xcodeproj; path = ../OAuth/OAuthConsumer.xcodeproj; sourceTree = SOURCE_ROOT; };
		EB99B00F12F3698D0065EE93 /* libxml2.dylib */ = {isa = PBXFileReference; lastKnownFileType = "compiled.mach-o.dylib"; name = libxml2.dylib; path = usr/lib/libxml2.dylib; sourceTree = SDKROOT; };
/* End PBXFileReference section */

/* Begin PBXFrameworksBuildPhase section */
		D2AAC07C0554694100DB518D /* Frameworks */ = {
			isa = PBXFrameworksBuildPhase;
			buildActionMask = 2147483647;
			files = (
				EB83AE6113C7AF58006CCEDB /* libOAuth.a in Frameworks */,
				AACBBE4A0F95108600F1A2B1 /* Foundation.framework in Frameworks */,
				EB99B01012F3698D0065EE93 /* libxml2.dylib in Frameworks */,
			);
			runOnlyForDeploymentPostprocessing = 0;
		};
/* End PBXFrameworksBuildPhase section */

/* Begin PBXGroup section */
		034768DFFF38A50411DB9C8B /* Products */ = {
			isa = PBXGroup;
			children = (
				D2AAC07E0554694100DB518D /* libTwitter.a */,
			);
			name = Products;
			sourceTree = "<group>";
		};
		0867D691FE84028FC02AAC07 /* Twitter */ = {
			isa = PBXGroup;
			children = (
				EB1390FF12F26C79004DBB7C /* Libraries */,
				08FB77AEFE84172EC02AAC07 /* Classes */,
				32C88DFF0371C24200C91783 /* Other Sources */,
				0867D69AFE84028FC02AAC07 /* Frameworks */,
				034768DFFF38A50411DB9C8B /* Products */,
				EB0453CA13A19FA4002FD9A6 /* static_library.xcconfig */,
			);
			name = Twitter;
			sourceTree = "<group>";
		};
		0867D69AFE84028FC02AAC07 /* Frameworks */ = {
			isa = PBXGroup;
			children = (
				AACBBE490F95108600F1A2B1 /* Foundation.framework */,
				EB99B00F12F3698D0065EE93 /* libxml2.dylib */,
			);
			name = Frameworks;
			sourceTree = "<group>";
		};
		08FB77AEFE84172EC02AAC07 /* Classes */ = {
			isa = PBXGroup;
			children = (
			);
			name = Classes;
			sourceTree = "<group>";
		};
		32C88DFF0371C24200C91783 /* Other Sources */ = {
			isa = PBXGroup;
			children = (
				AA747D9E0F9514B9006C5449 /* Twitter_Prefix.pch */,
				EB83AE6013C7AF58006CCEDB /* libOAuth.a */,
			);
			name = "Other Sources";
			sourceTree = "<group>";
		};
		EB138FCC12F26C52004DBB7C /* MGTwitterEngine */ = {
			isa = PBXGroup;
			children = (
				EB138FFB12F26C52004DBB7C /* MGTwitterEngine.h */,
				EB138FFC12F26C52004DBB7C /* MGTwitterEngine.m */,
				EB13900112F26C52004DBB7C /* MGTwitterEngineDelegate.h */,
				EB13900212F26C52004DBB7C /* MGTwitterEngineGlobalHeader.h */,
				EB13900312F26C52004DBB7C /* MGTwitterHTTPURLConnection.h */,
				EB13900412F26C52004DBB7C /* MGTwitterHTTPURLConnection.m */,
				EB13900512F26C52004DBB7C /* MGTwitterLibXMLParser.h */,
				EB13900612F26C52004DBB7C /* MGTwitterLibXMLParser.m */,
				EB13900712F26C52004DBB7C /* MGTwitterMessagesLibXMLParser.h */,
				EB13900812F26C52004DBB7C /* MGTwitterMessagesLibXMLParser.m */,
				EB13900912F26C52004DBB7C /* MGTwitterMessagesParser.h */,
				EB13900A12F26C52004DBB7C /* MGTwitterMessagesParser.m */,
				EB13900D12F26C52004DBB7C /* MGTwitterMiscLibXMLParser.h */,
				EB13900E12F26C52004DBB7C /* MGTwitterMiscLibXMLParser.m */,
				EB13900F12F26C52004DBB7C /* MGTwitterMiscParser.h */,
				EB13901012F26C52004DBB7C /* MGTwitterMiscParser.m */,
				EB13901312F26C52004DBB7C /* MGTwitterParserDelegate.h */,
				EB13901412F26C52004DBB7C /* MGTwitterRequestTypes.h */,
				EB13901712F26C52004DBB7C /* MGTwitterSocialGraphLibXMLParser.h */,
				EB13901812F26C52004DBB7C /* MGTwitterSocialGraphLibXMLParser.m */,
				EB13901912F26C52004DBB7C /* MGTwitterSocialGraphParser.h */,
				EB13901A12F26C52004DBB7C /* MGTwitterSocialGraphParser.m */,
				EB13901B12F26C52004DBB7C /* MGTwitterStatusesLibXMLParser.h */,
				EB13901C12F26C52004DBB7C /* MGTwitterStatusesLibXMLParser.m */,
				EB13901D12F26C52004DBB7C /* MGTwitterStatusesParser.h */,
				EB13901E12F26C52004DBB7C /* MGTwitterStatusesParser.m */,
				EB13902312F26C52004DBB7C /* MGTwitterUserListsParser.h */,
				EB13902412F26C52004DBB7C /* MGTwitterUserListsParser.m */,
				EB13902512F26C52004DBB7C /* MGTwitterUsersLibXMLParser.h */,
				EB13902612F26C52004DBB7C /* MGTwitterUsersLibXMLParser.m */,
				EB13902712F26C52004DBB7C /* MGTwitterUsersParser.h */,
				EB13902812F26C52004DBB7C /* MGTwitterUsersParser.m */,
				EB13902B12F26C52004DBB7C /* MGTwitterXMLParser.h */,
				EB13902C12F26C52004DBB7C /* MGTwitterXMLParser.m */,
				EB13902F12F26C52004DBB7C /* NSData+Base64.h */,
				EB13903012F26C52004DBB7C /* NSData+Base64.m */,
				EB13903112F26C52004DBB7C /* NSString+UUID.h */,
				EB13903212F26C52004DBB7C /* NSString+UUID.m */,
			);
			name = MGTwitterEngine;
			path = ../MGTwitterEngine;
			sourceTree = SOURCE_ROOT;
		};
		EB1390FF12F26C79004DBB7C /* Libraries */ = {
			isa = PBXGroup;
			children = (
				EB99AFD112F367340065EE93 /* OAuthConsumer.xcodeproj */,
				EB138FCC12F26C52004DBB7C /* MGTwitterEngine */,
			);
			name = Libraries;
			sourceTree = "<group>";
		};
		EB99AFF212F368040065EE93 /* Products */ = {
			isa = PBXGroup;
			children = (
				EB99AFF612F368040065EE93 /* libOAuth.a */,
			);
			name = Products;
			sourceTree = "<group>";
		};
/* End PBXGroup section */

/* Begin PBXHeadersBuildPhase section */
		D2AAC07A0554694100DB518D /* Headers */ = {
			isa = PBXHeadersBuildPhase;
			buildActionMask = 2147483647;
			files = (
				AA747D9F0F9514B9006C5449 /* Twitter_Prefix.pch in Headers */,
				EB13903912F26C52004DBB7C /* MGTwitterEngine.h in Headers */,
				EB13903C12F26C52004DBB7C /* MGTwitterEngineDelegate.h in Headers */,
				EB13903D12F26C52004DBB7C /* MGTwitterEngineGlobalHeader.h in Headers */,
				EB13903E12F26C52004DBB7C /* MGTwitterHTTPURLConnection.h in Headers */,
				EB13904012F26C52004DBB7C /* MGTwitterLibXMLParser.h in Headers */,
				EB13904212F26C52004DBB7C /* MGTwitterMessagesLibXMLParser.h in Headers */,
				EB13904412F26C52004DBB7C /* MGTwitterMessagesParser.h in Headers */,
				EB13904812F26C52004DBB7C /* MGTwitterMiscLibXMLParser.h in Headers */,
				EB13904A12F26C52004DBB7C /* MGTwitterMiscParser.h in Headers */,
				EB13904E12F26C52004DBB7C /* MGTwitterParserDelegate.h in Headers */,
				EB13904F12F26C52004DBB7C /* MGTwitterRequestTypes.h in Headers */,
				EB13905212F26C52004DBB7C /* MGTwitterSocialGraphLibXMLParser.h in Headers */,
				EB13905412F26C52004DBB7C /* MGTwitterSocialGraphParser.h in Headers */,
				EB13905612F26C52004DBB7C /* MGTwitterStatusesLibXMLParser.h in Headers */,
				EB13905812F26C52004DBB7C /* MGTwitterStatusesParser.h in Headers */,
				EB13905E12F26C52004DBB7C /* MGTwitterUserListsParser.h in Headers */,
				EB13906012F26C52004DBB7C /* MGTwitterUsersLibXMLParser.h in Headers */,
				EB13906212F26C52004DBB7C /* MGTwitterUsersParser.h in Headers */,
				EB13906612F26C52004DBB7C /* MGTwitterXMLParser.h in Headers */,
				EB13906A12F26C52004DBB7C /* NSData+Base64.h in Headers */,
				EB13906C12F26C52004DBB7C /* NSString+UUID.h in Headers */,
			);
			runOnlyForDeploymentPostprocessing = 0;
		};
/* End PBXHeadersBuildPhase section */

/* Begin PBXNativeTarget section */
		D2AAC07D0554694100DB518D /* Twitter */ = {
			isa = PBXNativeTarget;
			buildConfigurationList = 1DEB921E08733DC00010E9CD /* Build configuration list for PBXNativeTarget "Twitter" */;
			buildPhases = (
				D2AAC07A0554694100DB518D /* Headers */,
				D2AAC07B0554694100DB518D /* Sources */,
				D2AAC07C0554694100DB518D /* Frameworks */,
			);
			buildRules = (
			);
			dependencies = (
			);
			name = Twitter;
			productName = Twitter;
			productReference = D2AAC07E0554694100DB518D /* libTwitter.a */;
			productType = "com.apple.product-type.library.static";
		};
/* End PBXNativeTarget section */

/* Begin PBXProject section */
		0867D690FE84028FC02AAC07 /* Project object */ = {
			isa = PBXProject;
			buildConfigurationList = 1DEB922208733DC00010E9CD /* Build configuration list for PBXProject "Twitter" */;
			compatibilityVersion = "Xcode 3.1";
			developmentRegion = English;
			hasScannedForEncodings = 1;
			knownRegions = (
				English,
				Japanese,
				French,
				German,
			);
			mainGroup = 0867D691FE84028FC02AAC07 /* Twitter */;
			productRefGroup = 034768DFFF38A50411DB9C8B /* Products */;
			projectDirPath = "";
			projectReferences = (
				{
					ProductGroup = EB99AFF212F368040065EE93 /* Products */;
					ProjectRef = EB99AFD112F367340065EE93 /* OAuthConsumer.xcodeproj */;
				},
			);
			projectRoot = "";
			targets = (
				D2AAC07D0554694100DB518D /* Twitter */,
			);
		};
/* End PBXProject section */

/* Begin PBXReferenceProxy section */
		EB99AFF612F368040065EE93 /* libOAuth.a */ = {
			isa = PBXReferenceProxy;
			fileType = archive.ar;
			path = libOAuth.a;
			remoteRef = EB99AFF512F368040065EE93 /* PBXContainerItemProxy */;
			sourceTree = BUILT_PRODUCTS_DIR;
		};
/* End PBXReferenceProxy section */

/* Begin PBXSourcesBuildPhase section */
		D2AAC07B0554694100DB518D /* Sources */ = {
			isa = PBXSourcesBuildPhase;
			buildActionMask = 2147483647;
			files = (
				EB13903A12F26C52004DBB7C /* MGTwitterEngine.m in Sources */,
				EB13903F12F26C52004DBB7C /* MGTwitterHTTPURLConnection.m in Sources */,
				EB13904112F26C52004DBB7C /* MGTwitterLibXMLParser.m in Sources */,
				EB13904312F26C52004DBB7C /* MGTwitterMessagesLibXMLParser.m in Sources */,
				EB13904512F26C52004DBB7C /* MGTwitterMessagesParser.m in Sources */,
				EB13904912F26C52004DBB7C /* MGTwitterMiscLibXMLParser.m in Sources */,
				EB13904B12F26C52004DBB7C /* MGTwitterMiscParser.m in Sources */,
				EB13905312F26C52004DBB7C /* MGTwitterSocialGraphLibXMLParser.m in Sources */,
				EB13905512F26C52004DBB7C /* MGTwitterSocialGraphParser.m in Sources */,
				EB13905712F26C52004DBB7C /* MGTwitterStatusesLibXMLParser.m in Sources */,
				EB13905912F26C52004DBB7C /* MGTwitterStatusesParser.m in Sources */,
				EB13905F12F26C52004DBB7C /* MGTwitterUserListsParser.m in Sources */,
				EB13906112F26C52004DBB7C /* MGTwitterUsersLibXMLParser.m in Sources */,
				EB13906312F26C52004DBB7C /* MGTwitterUsersParser.m in Sources */,
				EB13906712F26C52004DBB7C /* MGTwitterXMLParser.m in Sources */,
				EB13906B12F26C52004DBB7C /* NSData+Base64.m in Sources */,
				EB13906D12F26C52004DBB7C /* NSString+UUID.m in Sources */,
			);
			runOnlyForDeploymentPostprocessing = 0;
		};
/* End PBXSourcesBuildPhase section */

/* Begin XCBuildConfiguration section */
		1DEB921F08733DC00010E9CD /* Debug */ = {
			isa = XCBuildConfiguration;
			buildSettings = {
				ALWAYS_SEARCH_USER_PATHS = NO;
				DSTROOT = /tmp/Twitter.dst;
				GCC_ENABLE_FIX_AND_CONTINUE = YES;
				GCC_PREFIX_HEADER = Twitter_Prefix.pch;
				HEADER_SEARCH_PATHS = (
					"${inherited}",
					$SDKROOT/usr/include/libxml2,
				);
				LIBRARY_SEARCH_PATHS = (
					"$(inherited)",
					"\"$(SRCROOT)\"",
				);
				PRODUCT_NAME = Twitter;
			};
			name = Debug;
		};
		1DEB922008733DC00010E9CD /* Release */ = {
			isa = XCBuildConfiguration;
			buildSettings = {
				ALWAYS_SEARCH_USER_PATHS = NO;
				DSTROOT = /tmp/Twitter.dst;
				GCC_PREFIX_HEADER = Twitter_Prefix.pch;
				HEADER_SEARCH_PATHS = (
					"${inherited}",
					$SDKROOT/usr/include/libxml2,
				);
				LIBRARY_SEARCH_PATHS = (
					"$(inherited)",
					"\"$(SRCROOT)\"",
				);
				PRODUCT_NAME = Twitter;
			};
			name = Release;
		};
		1DEB922308733DC00010E9CD /* Debug */ = {
			isa = XCBuildConfiguration;
			baseConfigurationReference = EB0453CA13A19FA4002FD9A6 /* static_library.xcconfig */;
			buildSettings = {
			};
			name = Debug;
		};
		1DEB922408733DC00010E9CD /* Release */ = {
			isa = XCBuildConfiguration;
			baseConfigurationReference = EB0453CA13A19FA4002FD9A6 /* static_library.xcconfig */;
			buildSettings = {
			};
			name = Release;
		};
/* End XCBuildConfiguration section */

/* Begin XCConfigurationList section */
		1DEB921E08733DC00010E9CD /* Build configuration list for PBXNativeTarget "Twitter" */ = {
			isa = XCConfigurationList;
			buildConfigurations = (
				1DEB921F08733DC00010E9CD /* Debug */,
				1DEB922008733DC00010E9CD /* Release */,
			);
			defaultConfigurationIsVisible = 0;
			defaultConfigurationName = Release;
		};
		1DEB922208733DC00010E9CD /* Build configuration list for PBXProject "Twitter" */ = {
			isa = XCConfigurationList;
			buildConfigurations = (
				1DEB922308733DC00010E9CD /* Debug */,
				1DEB922408733DC00010E9CD /* Release */,
			);
			defaultConfigurationIsVisible = 0;
			defaultConfigurationName = Release;
		};
/* End XCConfigurationList section */
	};
	rootObject = 0867D690FE84028FC02AAC07 /* Project object */;
}
